// !$*UTF8*$!
{
	archiveVersion = 1;
	classes = {
	};
	objectVersion = 77;
	objects = {

/* Begin PBXBuildFile section */
		03FCDB138C2861BDF31C6D0D /* TrainingNotifier.swift in Sources */ = {isa = PBXBuildFile; fileRef = BF9F199C740DC441D8D701F4 /* TrainingNotifier.swift */; };
		0E4099EC4C4ABCC1B639FACA /* tessera.xcframework in Embed Frameworks */ = {isa = PBXBuildFile; fileRef = 12E04ED6FBF1FCC3CA154CC7 /* tessera.xcframework */; settings = {ATTRIBUTES = (CodeSignOnCopy, RemoveHeadersOnCopy, ); }; };
		14E5A74A80E7C2805E812FA3 /* ContentView.swift in Sources */ = {isa = PBXBuildFile; fileRef = 543C41C3EF0C82A41F740F1E /* ContentView.swift */; };
		25EBBB580ADAEC2995B59446 /* WorkflowRunNotifier.swift in Sources */ = {isa = PBXBuildFile; fileRef = 9D3010B9479BCC8BF30CCE9D /* WorkflowRunNotifier.swift */; };
		26164F765A562AE012432E1D /* PrivacyInfo.xcprivacy in Resources */ = {isa = PBXBuildFile; fileRef = 3917A41E9C7063CEEF6F3C6A /* PrivacyInfo.xcprivacy */; };
		44820084A42BFF61FD9198E8 /* TesseraCore in Frameworks */ = {isa = PBXBuildFile; productRef = 3EE7F1E4BFBB3E93B73ACCC3 /* TesseraCore */; };
		47A4606AAD4445F62D82AB82 /* WorkflowsView.swift in Sources */ = {isa = PBXBuildFile; fileRef = 3FE31A6FADD1FFB1193E0FD1 /* WorkflowsView.swift */; };
		47AD6881245204EF1A0C514C /* TesseraStudioMacApp.swift in Sources */ = {isa = PBXBuildFile; fileRef = DFD216E1B50E0E33E37DDB5C /* TesseraStudioMacApp.swift */; };
		4EFBBCBA193E296F054E5385 /* WorkflowParameterPanelView.swift in Sources */ = {isa = PBXBuildFile; fileRef = 40729A9531A2DFABE1EA961D /* WorkflowParameterPanelView.swift */; };
		504CC16738EF99406D6B8529 /* ContentView.swift in Sources */ = {isa = PBXBuildFile; fileRef = 2C144C7F04921903632D744E /* ContentView.swift */; };
		561C364154E0918D86AD8D30 /* LearningDashboardView.swift in Sources */ = {isa = PBXBuildFile; fileRef = FCD3045F308A4FC885C96939 /* LearningDashboardView.swift */; };
		5B10DBAFFAD71E948A8094C0 /* ReportWindow.swift in Sources */ = {isa = PBXBuildFile; fileRef = E053C048DC7AD97E5C1BD774 /* ReportWindow.swift */; };
		60B8A75274EB25AF1F9C553A /* PleadTheFifthMenuItem.swift in Sources */ = {isa = PBXBuildFile; fileRef = 9A4F97FBB01CD8330A847BF0 /* PleadTheFifthMenuItem.swift */; };
		650C73FFFB02DBF42C52F402 /* WorkflowPaletteView.swift in Sources */ = {isa = PBXBuildFile; fileRef = 7D222D5A75213DE4EA6FBB98 /* WorkflowPaletteView.swift */; };
		716BCB07A97A34782A506338 /* WorkflowEditorStore.swift in Sources */ = {isa = PBXBuildFile; fileRef = ACDE06D68EFB3E03589167D6 /* WorkflowEditorStore.swift */; };
		71B24AAF1C0BC834C013683B /* Assets.xcassets in Resources */ = {isa = PBXBuildFile; fileRef = 6F4F9123B7EFA1C68054E8F5 /* Assets.xcassets */; };
		7F44BF2A0ABEA00E653CD50D /* WorkflowMenuActions.swift in Sources */ = {isa = PBXBuildFile; fileRef = CD514C99769025121FCA45B2 /* WorkflowMenuActions.swift */; };
		9062010338171FA15B703C64 /* tessera.xcframework in Frameworks */ = {isa = PBXBuildFile; fileRef = 12E04ED6FBF1FCC3CA154CC7 /* tessera.xcframework */; };
		94155ADF33A1FA2244B0096B /* TesseraCore in Frameworks */ = {isa = PBXBuildFile; productRef = 558253DF4AD709A6F954A1B9 /* TesseraCore */; };
		95922A925983CE37AF7583E1 /* TesseraAppLifecycle.swift in Sources */ = {isa = PBXBuildFile; fileRef = 1F22948AED9597A94104B0C4 /* TesseraAppLifecycle.swift */; };
		A2AFB3126E60571FB0435310 /* ConfirmationPanel.swift in Sources */ = {isa = PBXBuildFile; fileRef = FA00029C227E04B1E2D61C2B /* ConfirmationPanel.swift */; };
		ACA69BEBB04769F1DD146753 /* SettingsView.swift in Sources */ = {isa = PBXBuildFile; fileRef = 515D71CE71265C64C3BC538B /* SettingsView.swift */; };
		B01CB1767E74CF9EBCF90BA1 /* WorkflowNodeView.swift in Sources */ = {isa = PBXBuildFile; fileRef = 75205220F8E12273F58FC23E /* WorkflowNodeView.swift */; };
		C32D556DEA54086C990DF2C3 /* PleadTheFifthNotifications.swift in Sources */ = {isa = PBXBuildFile; fileRef = CF926E12EF9F972E62F3F018 /* PleadTheFifthNotifications.swift */; };
		C711E5902DC14E6DFA5B6BB3 /* LearningTrainingSection.swift in Sources */ = {isa = PBXBuildFile; fileRef = CD1FE0CD17FC666E463147E4 /* LearningTrainingSection.swift */; };
		CA2FCD5D78AF4EDF4AAC29A0 /* WorkflowCanvasView.swift in Sources */ = {isa = PBXBuildFile; fileRef = EE2F125CEF082F7FA8395246 /* WorkflowCanvasView.swift */; };
		D3B43A51CB7885704B6C80CE /* SettingsView.swift in Sources */ = {isa = PBXBuildFile; fileRef = 9839F117CD5A6CC1C9C5F7DE /* SettingsView.swift */; };
		D428353BC427BE01BF41BE3C /* Assets.xcassets in Resources */ = {isa = PBXBuildFile; fileRef = 6F4F9123B7EFA1C68054E8F5 /* Assets.xcassets */; };
		D4B9C1644A7E90A4302166CF /* TesseraStudioiOSApp.swift in Sources */ = {isa = PBXBuildFile; fileRef = 437779B0DF7334909ED10304 /* TesseraStudioiOSApp.swift */; };
		DE12AD035A9DEF1AA463F79F /* WorkflowDocument.swift in Sources */ = {isa = PBXBuildFile; fileRef = 6F27831D331D02ACFE0F58B1 /* WorkflowDocument.swift */; };
/* End PBXBuildFile section */

/* Begin PBXCopyFilesBuildPhase section */
		B9477D6A371B076BE580DBFE /* Embed Frameworks */ = {
			isa = PBXCopyFilesBuildPhase;
			buildActionMask = 2147483647;
			dstPath = "";
			dstSubfolderSpec = 10;
			files = (
				0E4099EC4C4ABCC1B639FACA /* tessera.xcframework in Embed Frameworks */,
			);
			name = "Embed Frameworks";
			runOnlyForDeploymentPostprocessing = 0;
		};
/* End PBXCopyFilesBuildPhase section */

/* Begin PBXFileReference section */
		12E04ED6FBF1FCC3CA154CC7 /* tessera.xcframework */ = {isa = PBXFileReference; lastKnownFileType = wrapper.xcframework; name = tessera.xcframework; path = artifacts/tessera.xcframework; sourceTree = "<group>"; };
		1F22948AED9597A94104B0C4 /* TesseraAppLifecycle.swift */ = {isa = PBXFileReference; lastKnownFileType = sourcecode.swift; path = TesseraAppLifecycle.swift; sourceTree = "<group>"; };
		2C144C7F04921903632D744E /* ContentView.swift */ = {isa = PBXFileReference; lastKnownFileType = sourcecode.swift; path = ContentView.swift; sourceTree = "<group>"; };
		3917A41E9C7063CEEF6F3C6A /* PrivacyInfo.xcprivacy */ = {isa = PBXFileReference; path = PrivacyInfo.xcprivacy; sourceTree = "<group>"; };
		3FE31A6FADD1FFB1193E0FD1 /* WorkflowsView.swift */ = {isa = PBXFileReference; lastKnownFileType = sourcecode.swift; path = WorkflowsView.swift; sourceTree = "<group>"; };
		40729A9531A2DFABE1EA961D /* WorkflowParameterPanelView.swift */ = {isa = PBXFileReference; lastKnownFileType = sourcecode.swift; path = WorkflowParameterPanelView.swift; sourceTree = "<group>"; };
		437779B0DF7334909ED10304 /* TesseraStudioiOSApp.swift */ = {isa = PBXFileReference; lastKnownFileType = sourcecode.swift; path = TesseraStudioiOSApp.swift; sourceTree = "<group>"; };
		515D71CE71265C64C3BC538B /* SettingsView.swift */ = {isa = PBXFileReference; lastKnownFileType = sourcecode.swift; path = SettingsView.swift; sourceTree = "<group>"; };
		543C41C3EF0C82A41F740F1E /* ContentView.swift */ = {isa = PBXFileReference; lastKnownFileType = sourcecode.swift; path = ContentView.swift; sourceTree = "<group>"; };
		55B00FB4A80A894E7D327A58 /* TesseraStudioiOS.app */ = {isa = PBXFileReference; includeInIndex = 0; lastKnownFileType = wrapper.application; path = TesseraStudioiOS.app; sourceTree = BUILT_PRODUCTS_DIR; };
		6F27831D331D02ACFE0F58B1 /* WorkflowDocument.swift */ = {isa = PBXFileReference; lastKnownFileType = sourcecode.swift; path = WorkflowDocument.swift; sourceTree = "<group>"; };
		6F4F9123B7EFA1C68054E8F5 /* Assets.xcassets */ = {isa = PBXFileReference; lastKnownFileType = folder.assetcatalog; path = Assets.xcassets; sourceTree = "<group>"; };
		75205220F8E12273F58FC23E /* WorkflowNodeView.swift */ = {isa = PBXFileReference; lastKnownFileType = sourcecode.swift; path = WorkflowNodeView.swift; sourceTree = "<group>"; };
		7D222D5A75213DE4EA6FBB98 /* WorkflowPaletteView.swift */ = {isa = PBXFileReference; lastKnownFileType = sourcecode.swift; path = WorkflowPaletteView.swift; sourceTree = "<group>"; };
		9075FB059F1B04D32002C2F2 /* TesseraStudioMac.app */ = {isa = PBXFileReference; explicitFileType = wrapper.application; includeInIndex = 0; path = TesseraStudioMac.app; sourceTree = BUILT_PRODUCTS_DIR; };
		92B9CE3C72E91BD745B3A6BF /* TesseraStudio */ = {isa = PBXFileReference; lastKnownFileType = folder; name = TesseraStudio; path = .; sourceTree = SOURCE_ROOT; };
		9839F117CD5A6CC1C9C5F7DE /* SettingsView.swift */ = {isa = PBXFileReference; lastKnownFileType = sourcecode.swift; path = SettingsView.swift; sourceTree = "<group>"; };
		9A4F97FBB01CD8330A847BF0 /* PleadTheFifthMenuItem.swift */ = {isa = PBXFileReference; lastKnownFileType = sourcecode.swift; path = PleadTheFifthMenuItem.swift; sourceTree = "<group>"; };
		9D3010B9479BCC8BF30CCE9D /* WorkflowRunNotifier.swift */ = {isa = PBXFileReference; lastKnownFileType = sourcecode.swift; path = WorkflowRunNotifier.swift; sourceTree = "<group>"; };
		ACDE06D68EFB3E03589167D6 /* WorkflowEditorStore.swift */ = {isa = PBXFileReference; lastKnownFileType = sourcecode.swift; path = WorkflowEditorStore.swift; sourceTree = "<group>"; };
		BF9F199C740DC441D8D701F4 /* TrainingNotifier.swift */ = {isa = PBXFileReference; lastKnownFileType = sourcecode.swift; path = TrainingNotifier.swift; sourceTree = "<group>"; };
		CD1FE0CD17FC666E463147E4 /* LearningTrainingSection.swift */ = {isa = PBXFileReference; lastKnownFileType = sourcecode.swift; path = LearningTrainingSection.swift; sourceTree = "<group>"; };
		CD514C99769025121FCA45B2 /* WorkflowMenuActions.swift */ = {isa = PBXFileReference; lastKnownFileType = sourcecode.swift; path = WorkflowMenuActions.swift; sourceTree = "<group>"; };
		CF926E12EF9F972E62F3F018 /* PleadTheFifthNotifications.swift */ = {isa = PBXFileReference; lastKnownFileType = sourcecode.swift; path = PleadTheFifthNotifications.swift; sourceTree = "<group>"; };
		DFD216E1B50E0E33E37DDB5C /* TesseraStudioMacApp.swift */ = {isa = PBXFileReference; lastKnownFileType = sourcecode.swift; path = TesseraStudioMacApp.swift; sourceTree = "<group>"; };
		E053C048DC7AD97E5C1BD774 /* ReportWindow.swift */ = {isa = PBXFileReference; lastKnownFileType = sourcecode.swift; path = ReportWindow.swift; sourceTree = "<group>"; };
		EE2F125CEF082F7FA8395246 /* WorkflowCanvasView.swift */ = {isa = PBXFileReference; lastKnownFileType = sourcecode.swift; path = WorkflowCanvasView.swift; sourceTree = "<group>"; };
		FA00029C227E04B1E2D61C2B /* ConfirmationPanel.swift */ = {isa = PBXFileReference; lastKnownFileType = sourcecode.swift; path = ConfirmationPanel.swift; sourceTree = "<group>"; };
		FCD3045F308A4FC885C96939 /* LearningDashboardView.swift */ = {isa = PBXFileReference; lastKnownFileType = sourcecode.swift; path = LearningDashboardView.swift; sourceTree = "<group>"; };
/* End PBXFileReference section */

/* Begin PBXFrameworksBuildPhase section */
		9EE5FEF540331CE14B3DF1DA /* Frameworks */ = {
			isa = PBXFrameworksBuildPhase;
			buildActionMask = 2147483647;
			files = (
				44820084A42BFF61FD9198E8 /* TesseraCore in Frameworks */,
			);
			runOnlyForDeploymentPostprocessing = 0;
		};
		F2936DE8F64A5825A8188229 /* Frameworks */ = {
			isa = PBXFrameworksBuildPhase;
			buildActionMask = 2147483647;
			files = (
				94155ADF33A1FA2244B0096B /* TesseraCore in Frameworks */,
				9062010338171FA15B703C64 /* tessera.xcframework in Frameworks */,
			);
			runOnlyForDeploymentPostprocessing = 0;
		};
/* End PBXFrameworksBuildPhase section */

/* Begin PBXGroup section */
		00D67B0ECC0F20D66FA17D67 /* Mac */ = {
			isa = PBXGroup;
			children = (
				3917A41E9C7063CEEF6F3C6A /* PrivacyInfo.xcprivacy */,
			);
			path = Mac;
			sourceTree = "<group>";
		};
		0E77EEF6C4871B8C05BB02D4 /* Shared */ = {
			isa = PBXGroup;
			children = (
				6F4F9123B7EFA1C68054E8F5 /* Assets.xcassets */,
			);
			path = Shared;
			sourceTree = "<group>";
		};
		1CB356EEFE5F04B3E736C1B5 /* Views */ = {
			isa = PBXGroup;
			children = (
				9839F117CD5A6CC1C9C5F7DE /* SettingsView.swift */,
			);
			path = Views;
			sourceTree = "<group>";
		};
		3C6123140A713C13FF958CE6 /* App */ = {
			isa = PBXGroup;
			children = (
				2C144C7F04921903632D744E /* ContentView.swift */,
				1F22948AED9597A94104B0C4 /* TesseraAppLifecycle.swift */,
				DFD216E1B50E0E33E37DDB5C /* TesseraStudioMacApp.swift */,
			);
			path = App;
			sourceTree = "<group>";
		};
		3F01C24A97920B06D1E20438 /* Learning */ = {
			isa = PBXGroup;
			children = (
				CD1FE0CD17FC666E463147E4 /* LearningTrainingSection.swift */,
				BF9F199C740DC441D8D701F4 /* TrainingNotifier.swift */,
			);
			path = Learning;
			sourceTree = "<group>";
		};
		4B0BFA4088E866070226D74B /* Packages */ = {
			isa = PBXGroup;
			children = (
				92B9CE3C72E91BD745B3A6BF /* TesseraStudio */,
			);
			name = Packages;
			sourceTree = "<group>";
		};
		4BCF8381FFA874C26388F6FD /* Encryption */ = {
			isa = PBXGroup;
			children = (
				FA00029C227E04B1E2D61C2B /* ConfirmationPanel.swift */,
				9A4F97FBB01CD8330A847BF0 /* PleadTheFifthMenuItem.swift */,
				CF926E12EF9F972E62F3F018 /* PleadTheFifthNotifications.swift */,
				E053C048DC7AD97E5C1BD774 /* ReportWindow.swift */,
			);
			path = Encryption;
			sourceTree = "<group>";
		};
		4E15D410EFCB6A43B652A6DA /* TesseraStudioiOS */ = {
			isa = PBXGroup;
			children = (
				C027C100D0A3D2A9E4685C9A /* App */,
				1CB356EEFE5F04B3E736C1B5 /* Views */,
			);
			path = TesseraStudioiOS;
			sourceTree = "<group>";
		};
		660EF4753934B99780D9956A /* Workflows */ = {
			isa = PBXGroup;
			children = (
				EE2F125CEF082F7FA8395246 /* WorkflowCanvasView.swift */,
				6F27831D331D02ACFE0F58B1 /* WorkflowDocument.swift */,
				ACDE06D68EFB3E03589167D6 /* WorkflowEditorStore.swift */,
				CD514C99769025121FCA45B2 /* WorkflowMenuActions.swift */,
				75205220F8E12273F58FC23E /* WorkflowNodeView.swift */,
				7D222D5A75213DE4EA6FBB98 /* WorkflowPaletteView.swift */,
				40729A9531A2DFABE1EA961D /* WorkflowParameterPanelView.swift */,
				9D3010B9479BCC8BF30CCE9D /* WorkflowRunNotifier.swift */,
				3FE31A6FADD1FFB1193E0FD1 /* WorkflowsView.swift */,
			);
			path = Workflows;
			sourceTree = "<group>";
		};
		69E7A0D6C73684589F4E170E /* Support */ = {
			isa = PBXGroup;
			children = (
				00D67B0ECC0F20D66FA17D67 /* Mac */,
			);
			path = Support;
			sourceTree = "<group>";
		};
		ADF4D9448C4AB7B955BF1EC0 /* Products */ = {
			isa = PBXGroup;
			children = (
				55B00FB4A80A894E7D327A58 /* TesseraStudioiOS.app */,
				9075FB059F1B04D32002C2F2 /* TesseraStudioMac.app */,
			);
			name = Products;
			sourceTree = "<group>";
		};
		B8364AA1085CB31A892616E1 /* Frameworks */ = {
			isa = PBXGroup;
			children = (
				12E04ED6FBF1FCC3CA154CC7 /* tessera.xcframework */,
			);
			name = Frameworks;
			sourceTree = "<group>";
		};
		BDB3D247610FB8EE2D45003A /* Sources */ = {
			isa = PBXGroup;
			children = (
				4E15D410EFCB6A43B652A6DA /* TesseraStudioiOS */,
				FE4F864427047DB409BEA3FC /* TesseraStudioMac */,
			);
			path = Sources;
			sourceTree = "<group>";
		};
		C027C100D0A3D2A9E4685C9A /* App */ = {
			isa = PBXGroup;
			children = (
				543C41C3EF0C82A41F740F1E /* ContentView.swift */,
				437779B0DF7334909ED10304 /* TesseraStudioiOSApp.swift */,
			);
			path = App;
			sourceTree = "<group>";
		};
		E444049A8E6351CE88F16EC3 = {
			isa = PBXGroup;
			children = (
				4B0BFA4088E866070226D74B /* Packages */,
				0E77EEF6C4871B8C05BB02D4 /* Shared */,
				BDB3D247610FB8EE2D45003A /* Sources */,
				69E7A0D6C73684589F4E170E /* Support */,
				B8364AA1085CB31A892616E1 /* Frameworks */,
				ADF4D9448C4AB7B955BF1EC0 /* Products */,
			);
			sourceTree = "<group>";
		};
		F5AF8869B5464F3C31082196 /* Views */ = {
			isa = PBXGroup;
			children = (
				FCD3045F308A4FC885C96939 /* LearningDashboardView.swift */,
				515D71CE71265C64C3BC538B /* SettingsView.swift */,
				3F01C24A97920B06D1E20438 /* Learning */,
				660EF4753934B99780D9956A /* Workflows */,
			);
			path = Views;
			sourceTree = "<group>";
		};
		FE4F864427047DB409BEA3FC /* TesseraStudioMac */ = {
			isa = PBXGroup;
			children = (
				3C6123140A713C13FF958CE6 /* App */,
				4BCF8381FFA874C26388F6FD /* Encryption */,
				F5AF8869B5464F3C31082196 /* Views */,
			);
			path = TesseraStudioMac;
			sourceTree = "<group>";
		};
/* End PBXGroup section */

/* Begin PBXNativeTarget section */
		69B8A4CF45C9BDF967B903D6 /* TesseraStudioiOS */ = {
			isa = PBXNativeTarget;
			buildConfigurationList = 4D4432793AE3CF2D4B78400D /* Build configuration list for PBXNativeTarget "TesseraStudioiOS" */;
			buildPhases = (
				5B65E49E08C43B3AE9743D40 /* Sources */,
				F0DED35BA1ED26C027315623 /* Resources */,
				9EE5FEF540331CE14B3DF1DA /* Frameworks */,
			);
			buildRules = (
			);
			dependencies = (
			);
			name = TesseraStudioiOS;
			packageProductDependencies = (
				3EE7F1E4BFBB3E93B73ACCC3 /* TesseraCore */,
			);
			productName = TesseraStudioiOS;
			productReference = 55B00FB4A80A894E7D327A58 /* TesseraStudioiOS.app */;
			productType = "com.apple.product-type.application";
		};
		A4383DB23095790C1B7A06E6 /* TesseraStudioMac */ = {
			isa = PBXNativeTarget;
			buildConfigurationList = 1BA3A17FA0B3CA6F9F416A0A /* Build configuration list for PBXNativeTarget "TesseraStudioMac" */;
			buildPhases = (
				D522CCF6F89116F5D1065F1E /* Sources */,
				31FCCD89AB7EC5603A57FEA2 /* Resources */,
				F2936DE8F64A5825A8188229 /* Frameworks */,
				B9477D6A371B076BE580DBFE /* Embed Frameworks */,
			);
			buildRules = (
			);
			dependencies = (
			);
			name = TesseraStudioMac;
			packageProductDependencies = (
				558253DF4AD709A6F954A1B9 /* TesseraCore */,
			);
			productName = TesseraStudioMac;
			productReference = 9075FB059F1B04D32002C2F2 /* TesseraStudioMac.app */;
			productType = "com.apple.product-type.application";
		};
/* End PBXNativeTarget section */

/* Begin PBXProject section */
		A0F95CDDD801526A4D635543 /* Project object */ = {
			isa = PBXProject;
			attributes = {
				BuildIndependentTargetsInParallel = YES;
				LastUpgradeCheck = 1430;
				TargetAttributes = {
					A4383DB23095790C1B7A06E6 = {
						ProvisioningStyle = Manual;
					};
				};
			};
			buildConfigurationList = 0F5B7BABB3D775D0EEF7D4ED /* Build configuration list for PBXProject "TesseraStudio" */;
			developmentRegion = en;
			hasScannedForEncodings = 0;
			knownRegions = (
				Base,
				en,
			);
			mainGroup = E444049A8E6351CE88F16EC3;
			minimizedProjectReferenceProxies = 1;
			packageReferences = (
				B8F6101CBB78B794C01EFF67 /* XCLocalSwiftPackageReference "." */,
			);
			preferredProjectObjectVersion = 77;
			productRefGroup = ADF4D9448C4AB7B955BF1EC0 /* Products */;
			projectDirPath = "";
			projectRoot = "";
			targets = (
				A4383DB23095790C1B7A06E6 /* TesseraStudioMac */,
				69B8A4CF45C9BDF967B903D6 /* TesseraStudioiOS */,
			);
		};
/* End PBXProject section */

/* Begin PBXResourcesBuildPhase section */
		31FCCD89AB7EC5603A57FEA2 /* Resources */ = {
			isa = PBXResourcesBuildPhase;
			buildActionMask = 2147483647;
			files = (
				71B24AAF1C0BC834C013683B /* Assets.xcassets in Resources */,
				26164F765A562AE012432E1D /* PrivacyInfo.xcprivacy in Resources */,
			);
			runOnlyForDeploymentPostprocessing = 0;
		};
		F0DED35BA1ED26C027315623 /* Resources */ = {
			isa = PBXResourcesBuildPhase;
			buildActionMask = 2147483647;
			files = (
				D428353BC427BE01BF41BE3C /* Assets.xcassets in Resources */,
			);
			runOnlyForDeploymentPostprocessing = 0;
		};
/* End PBXResourcesBuildPhase section */

/* Begin PBXSourcesBuildPhase section */
		5B65E49E08C43B3AE9743D40 /* Sources */ = {
			isa = PBXSourcesBuildPhase;
			buildActionMask = 2147483647;
			files = (
				14E5A74A80E7C2805E812FA3 /* ContentView.swift in Sources */,
				D3B43A51CB7885704B6C80CE /* SettingsView.swift in Sources */,
				D4B9C1644A7E90A4302166CF /* TesseraStudioiOSApp.swift in Sources */,
			);
			runOnlyForDeploymentPostprocessing = 0;
		};
		D522CCF6F89116F5D1065F1E /* Sources */ = {
			isa = PBXSourcesBuildPhase;
			buildActionMask = 2147483647;
			files = (
				A2AFB3126E60571FB0435310 /* ConfirmationPanel.swift in Sources */,
				504CC16738EF99406D6B8529 /* ContentView.swift in Sources */,
				561C364154E0918D86AD8D30 /* LearningDashboardView.swift in Sources */,
				C711E5902DC14E6DFA5B6BB3 /* LearningTrainingSection.swift in Sources */,
				60B8A75274EB25AF1F9C553A /* PleadTheFifthMenuItem.swift in Sources */,
				C32D556DEA54086C990DF2C3 /* PleadTheFifthNotifications.swift in Sources */,
				5B10DBAFFAD71E948A8094C0 /* ReportWindow.swift in Sources */,
				ACA69BEBB04769F1DD146753 /* SettingsView.swift in Sources */,
				95922A925983CE37AF7583E1 /* TesseraAppLifecycle.swift in Sources */,
				47AD6881245204EF1A0C514C /* TesseraStudioMacApp.swift in Sources */,
				03FCDB138C2861BDF31C6D0D /* TrainingNotifier.swift in Sources */,
				CA2FCD5D78AF4EDF4AAC29A0 /* WorkflowCanvasView.swift in Sources */,
				DE12AD035A9DEF1AA463F79F /* WorkflowDocument.swift in Sources */,
				716BCB07A97A34782A506338 /* WorkflowEditorStore.swift in Sources */,
				7F44BF2A0ABEA00E653CD50D /* WorkflowMenuActions.swift in Sources */,
				B01CB1767E74CF9EBCF90BA1 /* WorkflowNodeView.swift in Sources */,
				650C73FFFB02DBF42C52F402 /* WorkflowPaletteView.swift in Sources */,
				4EFBBCBA193E296F054E5385 /* WorkflowParameterPanelView.swift in Sources */,
				25EBBB580ADAEC2995B59446 /* WorkflowRunNotifier.swift in Sources */,
				47A4606AAD4445F62D82AB82 /* WorkflowsView.swift in Sources */,
			);
			runOnlyForDeploymentPostprocessing = 0;
		};
/* End PBXSourcesBuildPhase section */

/* Begin XCBuildConfiguration section */
		17A74129DBB0D945D2A62E7C /* Debug */ = {
			isa = XCBuildConfiguration;
			buildSettings = {
				ASSETCATALOG_COMPILER_APPICON_NAME = AppIcon;
				ASSETCATALOG_COMPILER_GLOBAL_ACCENT_COLOR_NAME = AccentColor;
				CODE_SIGNING_REQUIRED = NO;
				CODE_SIGN_ENTITLEMENTS = Support/Mac/TesseraStudioMac.entitlements;
				CODE_SIGN_IDENTITY = "-";
				CODE_SIGN_STYLE = Manual;
				COMBINE_HIDPI_IMAGES = YES;
				FRAMEWORK_SEARCH_PATHS = (
					"$(inherited)",
					"\"artifacts\"",
				);
				INFOPLIST_FILE = Support/Mac/Info.plist;
				LD_RUNPATH_SEARCH_PATHS = (
					"$(inherited)",
					"@executable_path/../Frameworks",
				);
				MACOSX_DEPLOYMENT_TARGET = 14.0;
				PRODUCT_BUNDLE_IDENTIFIER = com.tessera.studio.mac;
				PRODUCT_NAME = TesseraStudioMac;
				SDKROOT = macosx;
			};
			name = Debug;
		};
		839E85A8E75074525FA38B6F /* Debug */ = {
			isa = XCBuildConfiguration;
			buildSettings = {
				ASSETCATALOG_COMPILER_APPICON_NAME = AppIcon;
				ASSETCATALOG_COMPILER_GLOBAL_ACCENT_COLOR_NAME = AccentColor;
				CODE_SIGNING_ALLOWED = NO;
				CODE_SIGNING_REQUIRED = NO;
				CODE_SIGN_IDENTITY = "iPhone Developer";
				INFOPLIST_FILE = Support/iOS/Info.plist;
				IPHONEOS_DEPLOYMENT_TARGET = 17.0;
				LD_RUNPATH_SEARCH_PATHS = (
					"$(inherited)",
					"@executable_path/Frameworks",
				);
				PRODUCT_BUNDLE_IDENTIFIER = com.tessera.studio.ios;
				PRODUCT_NAME = TesseraStudioiOS;
				SDKROOT = iphoneos;
				TARGETED_DEVICE_FAMILY = "1,2";
			};
			name = Debug;
		};
		BD9CA5653897EB92BEC50C7C /* Release */ = {
			isa = XCBuildConfiguration;
			buildSettings = {
				ALWAYS_SEARCH_USER_PATHS = NO;
				CLANG_ANALYZER_NONNULL = YES;
				CLANG_ANALYZER_NUMBER_OBJECT_CONVERSION = YES_AGGRESSIVE;
				CLANG_CXX_LANGUAGE_STANDARD = "gnu++14";
				CLANG_CXX_LIBRARY = "libc++";
				CLANG_ENABLE_MODULES = YES;
				CLANG_ENABLE_OBJC_ARC = YES;
				CLANG_ENABLE_OBJC_WEAK = YES;
				CLANG_WARN_BLOCK_CAPTURE_AUTORELEASING = YES;
				CLANG_WARN_BOOL_CONVERSION = YES;
				CLANG_WARN_COMMA = YES;
				CLANG_WARN_CONSTANT_CONVERSION = YES;
				CLANG_WARN_DEPRECATED_OBJC_IMPLEMENTATIONS = YES;
				CLANG_WARN_DIRECT_OBJC_ISA_USAGE = YES_ERROR;
				CLANG_WARN_DOCUMENTATION_COMMENTS = YES;
				CLANG_WARN_EMPTY_BODY = YES;
				CLANG_WARN_ENUM_CONVERSION = YES;
				CLANG_WARN_INFINITE_RECURSION = YES;
				CLANG_WARN_INT_CONVERSION = YES;
				CLANG_WARN_NON_LITERAL_NULL_CONVERSION = YES;
				CLANG_WARN_OBJC_IMPLICIT_RETAIN_SELF = YES;
				CLANG_WARN_OBJC_LITERAL_CONVERSION = YES;
				CLANG_WARN_OBJC_ROOT_CLASS = YES_ERROR;
				CLANG_WARN_QUOTED_INCLUDE_IN_FRAMEWORK_HEADER = YES;
				CLANG_WARN_RANGE_LOOP_ANALYSIS = YES;
				CLANG_WARN_STRICT_PROTOTYPES = YES;
				CLANG_WARN_SUSPICIOUS_MOVE = YES;
				CLANG_WARN_UNGUARDED_AVAILABILITY = YES_AGGRESSIVE;
				CLANG_WARN_UNREACHABLE_CODE = YES;
				CLANG_WARN__DUPLICATE_METHOD_MATCH = YES;
				COPY_PHASE_STRIP = NO;
				CURRENT_PROJECT_VERSION = 1;
				DEBUG_INFORMATION_FORMAT = "dwarf-with-dsym";
				ENABLE_HARDENED_RUNTIME = YES;
				ENABLE_NS_ASSERTIONS = NO;
				ENABLE_STRICT_OBJC_MSGSEND = YES;
				GCC_C_LANGUAGE_STANDARD = gnu11;
				GCC_NO_COMMON_BLOCKS = YES;
				GCC_WARN_64_TO_32_BIT_CONVERSION = YES;
				GCC_WARN_ABOUT_RETURN_TYPE = YES_ERROR;
				GCC_WARN_UNDECLARED_SELECTOR = YES;
				GCC_WARN_UNINITIALIZED_AUTOS = YES_AGGRESSIVE;
				GCC_WARN_UNUSED_FUNCTION = YES;
				GCC_WARN_UNUSED_VARIABLE = YES;
				IPHONEOS_DEPLOYMENT_TARGET = 17.0;
				MACOSX_DEPLOYMENT_TARGET = 14.0;
				MARKETING_VERSION = 1.0;
				MTL_ENABLE_DEBUG_INFO = NO;
				MTL_FAST_MATH = YES;
				PRODUCT_NAME = "$(TARGET_NAME)";
				SWIFT_COMPILATION_MODE = wholemodule;
				SWIFT_OPTIMIZATION_LEVEL = "-O";
				SWIFT_VERSION = 5.9;
			};
			name = Release;
		};
		C7F6C23EAEF3E3CE24F5E1D5 /* Release */ = {
			isa = XCBuildConfiguration;
			buildSettings = {
				ASSETCATALOG_COMPILER_APPICON_NAME = AppIcon;
				ASSETCATALOG_COMPILER_GLOBAL_ACCENT_COLOR_NAME = AccentColor;
				CODE_SIGNING_ALLOWED = NO;
				CODE_SIGNING_REQUIRED = NO;
				CODE_SIGN_IDENTITY = "iPhone Developer";
				INFOPLIST_FILE = Support/iOS/Info.plist;
				IPHONEOS_DEPLOYMENT_TARGET = 17.0;
				LD_RUNPATH_SEARCH_PATHS = (
					"$(inherited)",
					"@executable_path/Frameworks",
				);
				PRODUCT_BUNDLE_IDENTIFIER = com.tessera.studio.ios;
				PRODUCT_NAME = TesseraStudioiOS;
				SDKROOT = iphoneos;
				TARGETED_DEVICE_FAMILY = "1,2";
			};
			name = Release;
		};
		EE23CB8C2FE92F1505720E59 /* Release */ = {
			isa = XCBuildConfiguration;
			buildSettings = {
				ASSETCATALOG_COMPILER_APPICON_NAME = AppIcon;
				ASSETCATALOG_COMPILER_GLOBAL_ACCENT_COLOR_NAME = AccentColor;
				CODE_SIGNING_REQUIRED = NO;
				CODE_SIGN_ENTITLEMENTS = Support/Mac/TesseraStudioMac.entitlements;
				CODE_SIGN_IDENTITY = "-";
				CODE_SIGN_STYLE = Manual;
				COMBINE_HIDPI_IMAGES = YES;
				FRAMEWORK_SEARCH_PATHS = (
					"$(inherited)",
					"\"artifacts\"",
				);
				INFOPLIST_FILE = Support/Mac/Info.plist;
				LD_RUNPATH_SEARCH_PATHS = (
					"$(inherited)",
					"@executable_path/../Frameworks",
				);
				MACOSX_DEPLOYMENT_TARGET = 14.0;
				PRODUCT_BUNDLE_IDENTIFIER = com.tessera.studio.mac;
				PRODUCT_NAME = TesseraStudioMac;
				SDKROOT = macosx;
			};
			name = Release;
		};
		F672645DD88ECA4B07864BB6 /* Debug */ = {
			isa = XCBuildConfiguration;
			buildSettings = {
				ALWAYS_SEARCH_USER_PATHS = NO;
				CLANG_ANALYZER_NONNULL = YES;
				CLANG_ANALYZER_NUMBER_OBJECT_CONVERSION = YES_AGGRESSIVE;
				CLANG_CXX_LANGUAGE_STANDARD = "gnu++14";
				CLANG_CXX_LIBRARY = "libc++";
				CLANG_ENABLE_MODULES = YES;
				CLANG_ENABLE_OBJC_ARC = YES;
				CLANG_ENABLE_OBJC_WEAK = YES;
				CLANG_WARN_BLOCK_CAPTURE_AUTORELEASING = YES;
				CLANG_WARN_BOOL_CONVERSION = YES;
				CLANG_WARN_COMMA = YES;
				CLANG_WARN_CONSTANT_CONVERSION = YES;
				CLANG_WARN_DEPRECATED_OBJC_IMPLEMENTATIONS = YES;
				CLANG_WARN_DIRECT_OBJC_ISA_USAGE = YES_ERROR;
				CLANG_WARN_DOCUMENTATION_COMMENTS = YES;
				CLANG_WARN_EMPTY_BODY = YES;
				CLANG_WARN_ENUM_CONVERSION = YES;
				CLANG_WARN_INFINITE_RECURSION = YES;
				CLANG_WARN_INT_CONVERSION = YES;
				CLANG_WARN_NON_LITERAL_NULL_CONVERSION = YES;
				CLANG_WARN_OBJC_IMPLICIT_RETAIN_SELF = YES;
				CLANG_WARN_OBJC_LITERAL_CONVERSION = YES;
				CLANG_WARN_OBJC_ROOT_CLASS = YES_ERROR;
				CLANG_WARN_QUOTED_INCLUDE_IN_FRAMEWORK_HEADER = YES;
				CLANG_WARN_RANGE_LOOP_ANALYSIS = YES;
				CLANG_WARN_STRICT_PROTOTYPES = YES;
				CLANG_WARN_SUSPICIOUS_MOVE = YES;
				CLANG_WARN_UNGUARDED_AVAILABILITY = YES_AGGRESSIVE;
				CLANG_WARN_UNREACHABLE_CODE = YES;
				CLANG_WARN__DUPLICATE_METHOD_MATCH = YES;
				COPY_PHASE_STRIP = NO;
				CURRENT_PROJECT_VERSION = 1;
				DEBUG_INFORMATION_FORMAT = dwarf;
				ENABLE_HARDENED_RUNTIME = YES;
				ENABLE_STRICT_OBJC_MSGSEND = YES;
				ENABLE_TESTABILITY = YES;
				GCC_C_LANGUAGE_STANDARD = gnu11;
				GCC_DYNAMIC_NO_PIC = NO;
				GCC_NO_COMMON_BLOCKS = YES;
				GCC_OPTIMIZATION_LEVEL = 0;
				GCC_PREPROCESSOR_DEFINITIONS = (
					"$(inherited)",
					"DEBUG=1",
				);
				GCC_WARN_64_TO_32_BIT_CONVERSION = YES;
				GCC_WARN_ABOUT_RETURN_TYPE = YES_ERROR;
				GCC_WARN_UNDECLARED_SELECTOR = YES;
				GCC_WARN_UNINITIALIZED_AUTOS = YES_AGGRESSIVE;
				GCC_WARN_UNUSED_FUNCTION = YES;
				GCC_WARN_UNUSED_VARIABLE = YES;
				IPHONEOS_DEPLOYMENT_TARGET = 17.0;
				MACOSX_DEPLOYMENT_TARGET = 14.0;
				MARKETING_VERSION = 1.0;
				MTL_ENABLE_DEBUG_INFO = INCLUDE_SOURCE;
				MTL_FAST_MATH = YES;
				ONLY_ACTIVE_ARCH = YES;
				PRODUCT_NAME = "$(TARGET_NAME)";
				SWIFT_ACTIVE_COMPILATION_CONDITIONS = DEBUG;
				SWIFT_OPTIMIZATION_LEVEL = "-Onone";
				SWIFT_VERSION = 5.9;
			};
			name = Debug;
		};
/* End XCBuildConfiguration section */

/* Begin XCConfigurationList section */
		0F5B7BABB3D775D0EEF7D4ED /* Build configuration list for PBXProject "TesseraStudio" */ = {
			isa = XCConfigurationList;
			buildConfigurations = (
				F672645DD88ECA4B07864BB6 /* Debug */,
				BD9CA5653897EB92BEC50C7C /* Release */,
			);
			defaultConfigurationIsVisible = 0;
			defaultConfigurationName = Debug;
		};
		1BA3A17FA0B3CA6F9F416A0A /* Build configuration list for PBXNativeTarget "TesseraStudioMac" */ = {
			isa = XCConfigurationList;
			buildConfigurations = (
				17A74129DBB0D945D2A62E7C /* Debug */,
				EE23CB8C2FE92F1505720E59 /* Release */,
			);
			defaultConfigurationIsVisible = 0;
			defaultConfigurationName = Debug;
		};
		4D4432793AE3CF2D4B78400D /* Build configuration list for PBXNativeTarget "TesseraStudioiOS" */ = {
			isa = XCConfigurationList;
			buildConfigurations = (
				839E85A8E75074525FA38B6F /* Debug */,
				C7F6C23EAEF3E3CE24F5E1D5 /* Release */,
			);
			defaultConfigurationIsVisible = 0;
			defaultConfigurationName = Debug;
		};
/* End XCConfigurationList section */

/* Begin XCLocalSwiftPackageReference section */
		B8F6101CBB78B794C01EFF67 /* XCLocalSwiftPackageReference "." */ = {
			isa = XCLocalSwiftPackageReference;
			relativePath = .;
		};
/* End XCLocalSwiftPackageReference section */

/* Begin XCSwiftPackageProductDependency section */
		3EE7F1E4BFBB3E93B73ACCC3 /* TesseraCore */ = {
			isa = XCSwiftPackageProductDependency;
			productName = TesseraCore;
		};
		558253DF4AD709A6F954A1B9 /* TesseraCore */ = {
			isa = XCSwiftPackageProductDependency;
			productName = TesseraCore;
		};
/* End XCSwiftPackageProductDependency section */
	};
	rootObject = A0F95CDDD801526A4D635543 /* Project object */;
}
